Microsoft Visual Studio Solution File, Format Version 12.00
# Visual Studio Version 16
VisualStudioVersion = 16.0.30011.22
MinimumVisualStudioVersion = 10.0.40219.1
Project("{FAE04EC0-301F-11D3-BF4B-00C04F79EFBC}") = "XPO_XtraScheduler_Simple_Example", "XPO_XtraScheduler_Simple_Example\XPO_XtraScheduler_Simple_Example.csproj", "{57F4E231-B24A-4842-B43E-B50F58F5281A}"
EndProject
Project("{9A19103F-16F7-4668-BE54-9A1E7A4F7556}") = "XPO_XtraScheduler_Simple_Example_NetCore", "XPO_XtraScheduler_Simple_Example_NetCore\XPO_XtraScheduler_Simple_Example_NetCore.csproj", "{44495F84-BA23-4AE8-AEBB-6524C1E0A56D}"
EndProject
Global
	GlobalSection(SolutionConfigurationPlatforms) = preSolution
		Debug|Any CPU = Debug|Any CPU
		Release|Any CPU = Release|Any CPU
	EndGlobalSection
	GlobalSection(ProjectConfigurationPlatforms) = postSolution
		{57F4E231-B24A-4842-B43E-B50F58F5281A}.Debug|Any CPU.ActiveCfg = Debug|Any CPU
		{57F4E231-B24A-4842-B43E-B50F58F5281A}.Debug|Any CPU.Build.0 = Debug|Any CPU
		{57F4E231-B24A-4842-B43E-B50F58F5281A}.Release|Any CPU.ActiveCfg = Release|Any CPU
		{57F4E231-B24A-4842-B43E-B50F58F5281A}.Release|Any CPU.Build.0 = Release|Any CPU
		{44495F84-BA23-4AE8-AEBB-6524C1E0A56D}.Debug|Any CPU.ActiveCfg = Debug|Any CPU
		{44495F84-BA23-4AE8-AEBB-6524C1E0A56D}.Debug|Any CPU.Build.0 = Debug|Any CPU
		{44495F84-BA23-4AE8-AEBB-6524C1E0A56D}.Release|Any CPU.ActiveCfg = Release|Any CPU
		{44495F84-BA23-4AE8-AEBB-6524C1E0A56D}.Release|Any CPU.Build.0 = Release|Any CPU
	EndGlobalSection
	GlobalSection(SolutionProperties) = preSolution
		HideSolutionNode = FALSE
	EndGlobalSection
	GlobalSection(ExtensibilityGlobals) = postSolution
		SolutionGuid = {1216DFB5-E26B-4581-AB76-2DBAADFFC374}
	EndGlobalSection
EndGlobal
